
Microsoft Visual Studio Solution File, Format Version 12.00
# Visual Studio 2013
VisualStudioVersion = 12.0.31101.0
MinimumVisualStudioVersion = 10.0.40219.1
Project("{8BC9CEB8-8B4A-11D0-8D11-00A0C91BC942}") = "malagis", "malagis\malagis.vcxproj", "{8CF2662F-FE67-45AF-8EBE-804A103A5AA9}"
EndProject
Project("{8BC9CEB8-8B4A-11D0-8D11-00A0C91BC942}") = "malaBase", "malaBase\malaBase.vcxproj", "{8EFE8E46-9D4E-4823-95B0-E7ED1689C186}"
EndProject
Project("{8BC9CEB8-8B4A-11D0-8D11-00A0C91BC942}") = "malaPoints", "malaPoints\malaPoints.vcxproj", "{2E599E04-D120-4F8F-904A-FBD37BB2FA77}"
EndProject
Project("{8BC9CEB8-8B4A-11D0-8D11-00A0C91BC942}") = "malaDialogs", "malaDialogs\malaDialogs.vcxproj", "{74FA1BD9-9279-4273-8C37-5C019145B95C}"
EndProject
Project("{8BC9CEB8-8B4A-11D0-8D11-00A0C91BC942}") = "malaIO", "malaIO\malaIO.vcxproj", "{2B45FCAD-9648-47FD-BD89-BD20D79750C6}"
EndProject
Project("{8BC9CEB8-8B4A-11D0-8D11-00A0C91BC942}") = "malaTools", "malaTools\malaTools.vcxproj", "{F7363216-7FD8-45C8-93D1-1C38606C5978}"
EndProject
Project("{8BC9CEB8-8B4A-11D0-8D11-00A0C91BC942}") = "malaLines", "malaLines\malaLines.vcxproj", "{2D97921B-430B-418E-8AB9-3CD0EFE7EB10}"
EndProject
Global
	GlobalSection(SolutionConfigurationPlatforms) = preSolution
		Debug|Win32 = Debug|Win32
		Release|Win32 = Release|Win32
	EndGlobalSection
	GlobalSection(ProjectConfigurationPlatforms) = postSolution
		{8CF2662F-FE67-45AF-8EBE-804A103A5AA9}.Debug|Win32.ActiveCfg = Debug|Win32
		{8CF2662F-FE67-45AF-8EBE-804A103A5AA9}.Debug|Win32.Build.0 = Debug|Win32
		{8CF2662F-FE67-45AF-8EBE-804A103A5AA9}.Release|Win32.ActiveCfg = Release|Win32
		{8CF2662F-FE67-45AF-8EBE-804A103A5AA9}.Release|Win32.Build.0 = Release|Win32
		{8EFE8E46-9D4E-4823-95B0-E7ED1689C186}.Debug|Win32.ActiveCfg = Debug|Win32
		{8EFE8E46-9D4E-4823-95B0-E7ED1689C186}.Debug|Win32.Build.0 = Debug|Win32
		{8EFE8E46-9D4E-4823-95B0-E7ED1689C186}.Release|Win32.ActiveCfg = Release|Win32
		{8EFE8E46-9D4E-4823-95B0-E7ED1689C186}.Release|Win32.Build.0 = Release|Win32
		{2E599E04-D120-4F8F-904A-FBD37BB2FA77}.Debug|Win32.ActiveCfg = Debug|Win32
		{2E599E04-D120-4F8F-904A-FBD37BB2FA77}.Debug|Win32.Build.0 = Debug|Win32
		{2E599E04-D120-4F8F-904A-FBD37BB2FA77}.Release|Win32.ActiveCfg = Release|Win32
		{2E599E04-D120-4F8F-904A-FBD37BB2FA77}.Release|Win32.Build.0 = Release|Win32
		{74FA1BD9-9279-4273-8C37-5C019145B95C}.Debug|Win32.ActiveCfg = Debug|Win32
		{74FA1BD9-9279-4273-8C37-5C019145B95C}.Debug|Win32.Build.0 = Debug|Win32
		{74FA1BD9-9279-4273-8C37-5C019145B95C}.Release|Win32.ActiveCfg = Release|Win32
		{74FA1BD9-9279-4273-8C37-5C019145B95C}.Release|Win32.Build.0 = Release|Win32
		{2B45FCAD-9648-47FD-BD89-BD20D79750C6}.Debug|Win32.ActiveCfg = Debug|Win32
		{2B45FCAD-9648-47FD-BD89-BD20D79750C6}.Debug|Win32.Build.0 = Debug|Win32
		{2B45FCAD-9648-47FD-BD89-BD20D79750C6}.Release|Win32.ActiveCfg = Release|Win32
		{2B45FCAD-9648-47FD-BD89-BD20D79750C6}.Release|Win32.Build.0 = Release|Win32
		{F7363216-7FD8-45C8-93D1-1C38606C5978}.Debug|Win32.ActiveCfg = Debug|Win32
		{F7363216-7FD8-45C8-93D1-1C38606C5978}.Debug|Win32.Build.0 = Debug|Win32
		{F7363216-7FD8-45C8-93D1-1C38606C5978}.Release|Win32.ActiveCfg = Release|Win32
		{F7363216-7FD8-45C8-93D1-1C38606C5978}.Release|Win32.Build.0 = Release|Win32
		{2D97921B-430B-418E-8AB9-3CD0EFE7EB10}.Debug|Win32.ActiveCfg = Debug|Win32
		{2D97921B-430B-418E-8AB9-3CD0EFE7EB10}.Debug|Win32.Build.0 = Debug|Win32
		{2D97921B-430B-418E-8AB9-3CD0EFE7EB10}.Release|Win32.ActiveCfg = Release|Win32
		{2D97921B-430B-418E-8AB9-3CD0EFE7EB10}.Release|Win32.Build.0 = Release|Win32
	EndGlobalSection
	GlobalSection(SolutionProperties) = preSolution
		HideSolutionNode = FALSE
	EndGlobalSection
EndGlobal
